
Microsoft Visual Studio Solution File, Format Version 12.00
# Visual Studio Version 16
VisualStudioVersion = 16.0.30907.101
MinimumVisualStudioVersion = 10.0.40219.1
Project("{FAE04EC0-301F-11D3-BF4B-00C04F79EFBC}") = "01.SingleInheritance", "01.SingleInheritance\01.SingleInheritance.csproj", "{9E0025AA-3889-4E4D-A5C8-EAC8C9D6D7C3}"
EndProject
Project("{FAE04EC0-301F-11D3-BF4B-00C04F79EFBC}") = "02.MultipleInheritance", "02.MultipleInheritance\02.MultipleInheritance.csproj", "{2665FEDC-0076-471E-B99C-617245A57807}"
EndProject
Global
	GlobalSection(SolutionConfigurationPlatforms) = preSolution
		Debug|Any CPU = Debug|Any CPU
		Release|Any CPU = Release|Any CPU
	EndGlobalSection
	GlobalSection(ProjectConfigurationPlatforms) = postSolution
		{9E0025AA-3889-4E4D-A5C8-EAC8C9D6D7C3}.Debug|Any CPU.ActiveCfg = Debug|Any CPU
		{9E0025AA-3889-4E4D-A5C8-EAC8C9D6D7C3}.Debug|Any CPU.Build.0 = Debug|Any CPU
		{9E0025AA-3889-4E4D-A5C8-EAC8C9D6D7C3}.Release|Any CPU.ActiveCfg = Release|Any CPU
		{9E0025AA-3889-4E4D-A5C8-EAC8C9D6D7C3}.Release|Any CPU.Build.0 = Release|Any CPU
		{2665FEDC-0076-471E-B99C-617245A57807}.Debug|Any CPU.ActiveCfg = Debug|Any CPU
		{2665FEDC-0076-471E-B99C-617245A57807}.Debug|Any CPU.Build.0 = Debug|Any CPU
		{2665FEDC-0076-471E-B99C-617245A57807}.Release|Any CPU.ActiveCfg = Release|Any CPU
		{2665FEDC-0076-471E-B99C-617245A57807}.Release|Any CPU.Build.0 = Release|Any CPU
	EndGlobalSection
	GlobalSection(SolutionProperties) = preSolution
		HideSolutionNode = FALSE
	EndGlobalSection
	GlobalSection(ExtensibilityGlobals) = postSolution
		SolutionGuid = {C39AC007-C72F-491C-9D85-5FCF0F4E8683}
	EndGlobalSection
EndGlobal
