
Microsoft Visual Studio Solution File, Format Version 12.00
# Visual Studio Version 16
VisualStudioVersion = 16.0.30907.101
MinimumVisualStudioVersion = 10.0.40219.1
Project("{9A19103F-16F7-4668-BE54-9A1E7A4F7556}") = "01.DefineIperson", "01.DefineIperson\01.DefineIperson.csproj", "{AE261181-F70B-4AD9-860E-CC6437A1F278}"
EndProject
Project("{9A19103F-16F7-4668-BE54-9A1E7A4F7556}") = "02.Multiple Implementation", "02.Multiple Implementation\02.Multiple Implementation.csproj", "{EBFF2A65-A7F7-4ED1-BB08-0249269743EB}"
EndProject
Project("{9A19103F-16F7-4668-BE54-9A1E7A4F7556}") = "03.Telephony", "03.Telephony\03.Telephony.csproj", "{AB737EA3-9907-4A0E-8088-9A7C7654366F}"
EndProject
Project("{9A19103F-16F7-4668-BE54-9A1E7A4F7556}") = "04.BorderControl", "04.BorderControl\04.BorderControl.csproj", "{E0DBAEB9-5C49-4216-A4EB-05E1259470C9}"
EndProject
Project("{9A19103F-16F7-4668-BE54-9A1E7A4F7556}") = "05.BirthdayCelebrations", "06.BirthdayCelebrations\05.BirthdayCelebrations.csproj", "{BB41F9CD-15B0-4A65-BC04-1130C879C5CD}"
EndProject
Project("{FAE04EC0-301F-11D3-BF4B-00C04F79EFBC}") = "06.FoodShortage", "06.FoodShortage\06.FoodShortage.csproj", "{D00AC7F2-7126-47DC-8C96-A159960FF7F0}"
EndProject
Project("{FAE04EC0-301F-11D3-BF4B-00C04F79EFBC}") = "07.MilitaryElite", "07.MilitaryElite\07.MilitaryElite.csproj", "{6ED19F73-0890-44DF-B25A-D70CB1BB9534}"
EndProject
Global
	GlobalSection(SolutionConfigurationPlatforms) = preSolution
		Debug|Any CPU = Debug|Any CPU
		Release|Any CPU = Release|Any CPU
	EndGlobalSection
	GlobalSection(ProjectConfigurationPlatforms) = postSolution
		{AE261181-F70B-4AD9-860E-CC6437A1F278}.Debug|Any CPU.ActiveCfg = Debug|Any CPU
		{AE261181-F70B-4AD9-860E-CC6437A1F278}.Debug|Any CPU.Build.0 = Debug|Any CPU
		{AE261181-F70B-4AD9-860E-CC6437A1F278}.Release|Any CPU.ActiveCfg = Release|Any CPU
		{AE261181-F70B-4AD9-860E-CC6437A1F278}.Release|Any CPU.Build.0 = Release|Any CPU
		{EBFF2A65-A7F7-4ED1-BB08-0249269743EB}.Debug|Any CPU.ActiveCfg = Debug|Any CPU
		{EBFF2A65-A7F7-4ED1-BB08-0249269743EB}.Debug|Any CPU.Build.0 = Debug|Any CPU
		{EBFF2A65-A7F7-4ED1-BB08-0249269743EB}.Release|Any CPU.ActiveCfg = Release|Any CPU
		{EBFF2A65-A7F7-4ED1-BB08-0249269743EB}.Release|Any CPU.Build.0 = Release|Any CPU
		{AB737EA3-9907-4A0E-8088-9A7C7654366F}.Debug|Any CPU.ActiveCfg = Debug|Any CPU
		{AB737EA3-9907-4A0E-8088-9A7C7654366F}.Debug|Any CPU.Build.0 = Debug|Any CPU
		{AB737EA3-9907-4A0E-8088-9A7C7654366F}.Release|Any CPU.ActiveCfg = Release|Any CPU
		{AB737EA3-9907-4A0E-8088-9A7C7654366F}.Release|Any CPU.Build.0 = Release|Any CPU
		{E0DBAEB9-5C49-4216-A4EB-05E1259470C9}.Debug|Any CPU.ActiveCfg = Debug|Any CPU
		{E0DBAEB9-5C49-4216-A4EB-05E1259470C9}.Debug|Any CPU.Build.0 = Debug|Any CPU
		{E0DBAEB9-5C49-4216-A4EB-05E1259470C9}.Release|Any CPU.ActiveCfg = Release|Any CPU
		{E0DBAEB9-5C49-4216-A4EB-05E1259470C9}.Release|Any CPU.Build.0 = Release|Any CPU
		{BB41F9CD-15B0-4A65-BC04-1130C879C5CD}.Debug|Any CPU.ActiveCfg = Debug|Any CPU
		{BB41F9CD-15B0-4A65-BC04-1130C879C5CD}.Debug|Any CPU.Build.0 = Debug|Any CPU
		{BB41F9CD-15B0-4A65-BC04-1130C879C5CD}.Release|Any CPU.ActiveCfg = Release|Any CPU
		{BB41F9CD-15B0-4A65-BC04-1130C879C5CD}.Release|Any CPU.Build.0 = Release|Any CPU
		{D00AC7F2-7126-47DC-8C96-A159960FF7F0}.Debug|Any CPU.ActiveCfg = Debug|Any CPU
		{D00AC7F2-7126-47DC-8C96-A159960FF7F0}.Debug|Any CPU.Build.0 = Debug|Any CPU
		{D00AC7F2-7126-47DC-8C96-A159960FF7F0}.Release|Any CPU.ActiveCfg = Release|Any CPU
		{D00AC7F2-7126-47DC-8C96-A159960FF7F0}.Release|Any CPU.Build.0 = Release|Any CPU
		{6ED19F73-0890-44DF-B25A-D70CB1BB9534}.Debug|Any CPU.ActiveCfg = Debug|Any CPU
		{6ED19F73-0890-44DF-B25A-D70CB1BB9534}.Debug|Any CPU.Build.0 = Debug|Any CPU
		{6ED19F73-0890-44DF-B25A-D70CB1BB9534}.Release|Any CPU.ActiveCfg = Release|Any CPU
		{6ED19F73-0890-44DF-B25A-D70CB1BB9534}.Release|Any CPU.Build.0 = Release|Any CPU
	EndGlobalSection
	GlobalSection(SolutionProperties) = preSolution
		HideSolutionNode = FALSE
	EndGlobalSection
	GlobalSection(ExtensibilityGlobals) = postSolution
		SolutionGuid = {B37C8A05-ED58-4E95-8665-9432E8F2A992}
	EndGlobalSection
EndGlobal
