
Microsoft Visual Studio Solution File, Format Version 12.00
# Visual Studio Version 16
VisualStudioVersion = 16.0.30907.101
MinimumVisualStudioVersion = 10.0.40219.1
Project("{9A19103F-16F7-4668-BE54-9A1E7A4F7556}") = "01.Shape", "01.Shape\01.Shape.csproj", "{29AC52A3-B645-426D-86AE-DD139D182AE8}"
EndProject
Project("{FAE04EC0-301F-11D3-BF4B-00C04F79EFBC}") = "Cars", "Cars\Cars.csproj", "{3CE3A9F2-FCF9-4F6E-9FFB-7687E45E132F}"
EndProject
Global
	GlobalSection(SolutionConfigurationPlatforms) = preSolution
		Debug|Any CPU = Debug|Any CPU
		Release|Any CPU = Release|Any CPU
	EndGlobalSection
	GlobalSection(ProjectConfigurationPlatforms) = postSolution
		{29AC52A3-B645-426D-86AE-DD139D182AE8}.Debug|Any CPU.ActiveCfg = Debug|Any CPU
		{29AC52A3-B645-426D-86AE-DD139D182AE8}.Debug|Any CPU.Build.0 = Debug|Any CPU
		{29AC52A3-B645-426D-86AE-DD139D182AE8}.Release|Any CPU.ActiveCfg = Release|Any CPU
		{29AC52A3-B645-426D-86AE-DD139D182AE8}.Release|Any CPU.Build.0 = Release|Any CPU
		{3CE3A9F2-FCF9-4F6E-9FFB-7687E45E132F}.Debug|Any CPU.ActiveCfg = Debug|Any CPU
		{3CE3A9F2-FCF9-4F6E-9FFB-7687E45E132F}.Debug|Any CPU.Build.0 = Debug|Any CPU
		{3CE3A9F2-FCF9-4F6E-9FFB-7687E45E132F}.Release|Any CPU.ActiveCfg = Release|Any CPU
		{3CE3A9F2-FCF9-4F6E-9FFB-7687E45E132F}.Release|Any CPU.Build.0 = Release|Any CPU
	EndGlobalSection
	GlobalSection(SolutionProperties) = preSolution
		HideSolutionNode = FALSE
	EndGlobalSection
	GlobalSection(ExtensibilityGlobals) = postSolution
		SolutionGuid = {7A8C897D-FEAB-4335-82C7-ECA1DD9B4CCB}
	EndGlobalSection
EndGlobal
